// !$*UTF8*$!
{
	archiveVersion = 1;
	classes = {
	};
	objectVersion = 46;
	objects = {

/* Begin PBXBuildFile section */
		6DB27F8816E61A3E00B898FC /* Cocoa.framework in Frameworks */ = {isa = PBXBuildFile; fileRef = 6DB27F8716E61A3E00B898FC /* Cocoa.framework */; };
		6DB27F9216E61A3E00B898FC /* InfoPlist.strings in Resources */ = {isa = PBXBuildFile; fileRef = 6DB27F9016E61A3E00B898FC /* InfoPlist.strings */; };
/* End PBXBuildFile section */

/* Begin PBXFileReference section */
		6DB27F8416E61A3E00B898FC /* LLUploader500px.bundle */ = {isa = PBXFileReference; explicitFileType = wrapper.cfbundle; includeInIndex = 0; path = LLUploader500px.bundle; sourceTree = BUILT_PRODUCTS_DIR; };
		6DB27F8716E61A3E00B898FC /* Cocoa.framework */ = {isa = PBXFileReference; lastKnownFileType = wrapper.framework; name = Cocoa.framework; path = System/Library/Frameworks/Cocoa.framework; sourceTree = SDKROOT; };
		6DB27F8A16E61A3E00B898FC /* AppKit.framework */ = {isa = PBXFileReference; lastKnownFileType = wrapper.framework; name = AppKit.framework; path = System/Library/Frameworks/AppKit.framework; sourceTree = SDKROOT; };
		6DB27F8B16E61A3E00B898FC /* CoreData.framework */ = {isa = PBXFileReference; lastKnownFileType = wrapper.framework; name = CoreData.framework; path = System/Library/Frameworks/CoreData.framework; sourceTree = SDKROOT; };
		6DB27F8C16E61A3E00B898FC /* Foundation.framework */ = {isa = PBXFileReference; lastKnownFileType = wrapper.framework; name = Foundation.framework; path = System/Library/Frameworks/Foundation.framework; sourceTree = SDKROOT; };
		6DB27F8F16E61A3E00B898FC /* LLUploader500px-Info.plist */ = {isa = PBXFileReference; lastKnownFileType = text.plist.xml; path = "LLUploader500px-Info.plist"; sourceTree = "<group>"; };
		6DB27F9116E61A3E00B898FC /* en */ = {isa = PBXFileReference; lastKnownFileType = text.plist.strings; name = en; path = en.lproj/InfoPlist.strings; sourceTree = "<group>"; };
		6DB27F9316E61A3E00B898FC /* LLUploader500px-Prefix.pch */ = {isa = PBXFileReference; lastKnownFileType = sourcecode.c.h; path = "LLUploader500px-Prefix.pch"; sourceTree = "<group>"; };
/* End PBXFileReference section */

/* Begin PBXFrameworksBuildPhase section */
		6DB27F8116E61A3E00B898FC /* Frameworks */ = {
			isa = PBXFrameworksBuildPhase;
			buildActionMask = 2147483647;
			files = (
				6DB27F8816E61A3E00B898FC /* Cocoa.framework in Frameworks */,
			);
			runOnlyForDeploymentPostprocessing = 0;
		};
/* End PBXFrameworksBuildPhase section */

/* Begin PBXGroup section */
		6DB27F7B16E61A3E00B898FC = {
			isa = PBXGroup;
			children = (
				6DB27F8D16E61A3E00B898FC /* LLUploader500px */,
				6DB27F8616E61A3E00B898FC /* Frameworks */,
				6DB27F8516E61A3E00B898FC /* Products */,
			);
			sourceTree = "<group>";
		};
		6DB27F8516E61A3E00B898FC /* Products */ = {
			isa = PBXGroup;
			children = (
				6DB27F8416E61A3E00B898FC /* LLUploader500px.bundle */,
			);
			name = Products;
			sourceTree = "<group>";
		};
		6DB27F8616E61A3E00B898FC /* Frameworks */ = {
			isa = PBXGroup;
			children = (
				6DB27F8716E61A3E00B898FC /* Cocoa.framework */,
				6DB27F8916E61A3E00B898FC /* Other Frameworks */,
			);
			name = Frameworks;
			sourceTree = "<group>";
		};
		6DB27F8916E61A3E00B898FC /* Other Frameworks */ = {
			isa = PBXGroup;
			children = (
				6DB27F8A16E61A3E00B898FC /* AppKit.framework */,
				6DB27F8B16E61A3E00B898FC /* CoreData.framework */,
				6DB27F8C16E61A3E00B898FC /* Foundation.framework */,
			);
			name = "Other Frameworks";
			sourceTree = "<group>";
		};
		6DB27F8D16E61A3E00B898FC /* LLUploader500px */ = {
			isa = PBXGroup;
			children = (
				6DB27F8E16E61A3E00B898FC /* Supporting Files */,
			);
			path = LLUploader500px;
			sourceTree = "<group>";
		};
		6DB27F8E16E61A3E00B898FC /* Supporting Files */ = {
			isa = PBXGroup;
			children = (
				6DB27F8F16E61A3E00B898FC /* LLUploader500px-Info.plist */,
				6DB27F9016E61A3E00B898FC /* InfoPlist.strings */,
				6DB27F9316E61A3E00B898FC /* LLUploader500px-Prefix.pch */,
			);
			name = "Supporting Files";
			sourceTree = "<group>";
		};
/* End PBXGroup section */

/* Begin PBXNativeTarget section */
		6DB27F8316E61A3E00B898FC /* LLUploader500px */ = {
			isa = PBXNativeTarget;
			buildConfigurationList = 6DB27F9616E61A3E00B898FC /* Build configuration list for PBXNativeTarget "LLUploader500px" */;
			buildPhases = (
				6DB27F8016E61A3E00B898FC /* Sources */,
				6DB27F8116E61A3E00B898FC /* Frameworks */,
				6DB27F8216E61A3E00B898FC /* Resources */,
			);
			buildRules = (
			);
			dependencies = (
			);
			name = LLUploader500px;
			productName = LLUploader500px;
			productReference = 6DB27F8416E61A3E00B898FC /* LLUploader500px.bundle */;
			productType = "com.apple.product-type.bundle";
		};
/* End PBXNativeTarget section */

/* Begin PBXProject section */
		6DB27F7C16E61A3E00B898FC /* Project object */ = {
			isa = PBXProject;
			attributes = {
				LastUpgradeCheck = 0460;
				ORGANIZATIONNAME = "Lick a Lemon";
			};
			buildConfigurationList = 6DB27F7F16E61A3E00B898FC /* Build configuration list for PBXProject "LLUploader500px" */;
			compatibilityVersion = "Xcode 3.2";
			developmentRegion = English;
			hasScannedForEncodings = 0;
			knownRegions = (
				en,
			);
			mainGroup = 6DB27F7B16E61A3E00B898FC;
			productRefGroup = 6DB27F8516E61A3E00B898FC /* Products */;
			projectDirPath = "";
			projectRoot = "";
			targets = (
				6DB27F8316E61A3E00B898FC /* LLUploader500px */,
			);
		};
/* End PBXProject section */

/* Begin PBXResourcesBuildPhase section */
		6DB27F8216E61A3E00B898FC /* Resources */ = {
			isa = PBXResourcesBuildPhase;
			buildActionMask = 2147483647;
			files = (
				6DB27F9216E61A3E00B898FC /* InfoPlist.strings in Resources */,
			);
			runOnlyForDeploymentPostprocessing = 0;
		};
/* End PBXResourcesBuildPhase section */

/* Begin PBXSourcesBuildPhase section */
		6DB27F8016E61A3E00B898FC /* Sources */ = {
			isa = PBXSourcesBuildPhase;
			buildActionMask = 2147483647;
			files = (
			);
			runOnlyForDeploymentPostprocessing = 0;
		};
/* End PBXSourcesBuildPhase section */

/* Begin PBXVariantGroup section */
		6DB27F9016E61A3E00B898FC /* InfoPlist.strings */ = {
			isa = PBXVariantGroup;
			children = (
				6DB27F9116E61A3E00B898FC /* en */,
			);
			name = InfoPlist.strings;
			sourceTree = "<group>";
		};
/* End PBXVariantGroup section */

/* Begin XCBuildConfiguration section */
		6DB27F9416E61A3E00B898FC /* Debug */ = {
			isa = XCBuildConfiguration;
			buildSettings = {
				ALWAYS_SEARCH_USER_PATHS = NO;
				ARCHS = "$(ARCHS_STANDARD_64_BIT)";
				CLANG_CXX_LANGUAGE_STANDARD = "gnu++0x";
				CLANG_CXX_LIBRARY = "libc++";
				CLANG_WARN_CONSTANT_CONVERSION = YES;
				CLANG_WARN_EMPTY_BODY = YES;
				CLANG_WARN_ENUM_CONVERSION = YES;
				CLANG_WARN_INT_CONVERSION = YES;
				CLANG_WARN__DUPLICATE_METHOD_MATCH = YES;
				COPY_PHASE_STRIP = NO;
				GCC_C_LANGUAGE_STANDARD = gnu99;
				GCC_DYNAMIC_NO_PIC = NO;
				GCC_ENABLE_OBJC_EXCEPTIONS = YES;
				GCC_OPTIMIZATION_LEVEL = 0;
				GCC_PREPROCESSOR_DEFINITIONS = (
					"DEBUG=1",
					"$(inherited)",
				);
				GCC_SYMBOLS_PRIVATE_EXTERN = NO;
				GCC_WARN_64_TO_32_BIT_CONVERSION = YES;
				GCC_WARN_ABOUT_RETURN_TYPE = YES;
				GCC_WARN_UNINITIALIZED_AUTOS = YES;
				GCC_WARN_UNUSED_VARIABLE = YES;
				MACOSX_DEPLOYMENT_TARGET = 10.8;
				ONLY_ACTIVE_ARCH = YES;
				SDKROOT = macosx;
			};
			name = Debug;
		};
		6DB27F9516E61A3E00B898FC /* Release */ = {
			isa = XCBuildConfiguration;
			buildSettings = {
				ALWAYS_SEARCH_USER_PATHS = NO;
				ARCHS = "$(ARCHS_STANDARD_64_BIT)";
				CLANG_CXX_LANGUAGE_STANDARD = "gnu++0x";
				CLANG_CXX_LIBRARY = "libc++";
				CLANG_WARN_CONSTANT_CONVERSION = YES;
				CLANG_WARN_EMPTY_BODY = YES;
				CLANG_WARN_ENUM_CONVERSION = YES;
				CLANG_WARN_INT_CONVERSION = YES;
				CLANG_WARN__DUPLICATE_METHOD_MATCH = YES;
				COPY_PHASE_STRIP = YES;
				DEBUG_INFORMATION_FORMAT = "dwarf-with-dsym";
				GCC_C_LANGUAGE_STANDARD = gnu99;
				GCC_ENABLE_OBJC_EXCEPTIONS = YES;
				GCC_WARN_64_TO_32_BIT_CONVERSION = YES;
				GCC_WARN_ABOUT_RETURN_TYPE = YES;
				GCC_WARN_UNINITIALIZED_AUTOS = YES;
				GCC_WARN_UNUSED_VARIABLE = YES;
				MACOSX_DEPLOYMENT_TARGET = 10.8;
				SDKROOT = macosx;
			};
			name = Release;
		};
		6DB27F9716E61A3E00B898FC /* Debug */ = {
			isa = XCBuildConfiguration;
			buildSettings = {
				COMBINE_HIDPI_IMAGES = YES;
				GCC_PRECOMPILE_PREFIX_HEADER = YES;
				GCC_PREFIX_HEADER = "LLUploader500px/LLUploader500px-Prefix.pch";
				INFOPLIST_FILE = "LLUploader500px/LLUploader500px-Info.plist";
				INSTALL_PATH = "$(LOCAL_LIBRARY_DIR)/Bundles";
				PRODUCT_NAME = "$(TARGET_NAME)";
				WRAPPER_EXTENSION = bundle;
			};
			name = Debug;
		};
		6DB27F9816E61A3E00B898FC /* Release */ = {
			isa = XCBuildConfiguration;
			buildSettings = {
				COMBINE_HIDPI_IMAGES = YES;
				GCC_PRECOMPILE_PREFIX_HEADER = YES;
				GCC_PREFIX_HEADER = "LLUploader500px/LLUploader500px-Prefix.pch";
				INFOPLIST_FILE = "LLUploader500px/LLUploader500px-Info.plist";
				INSTALL_PATH = "$(LOCAL_LIBRARY_DIR)/Bundles";
				PRODUCT_NAME = "$(TARGET_NAME)";
				WRAPPER_EXTENSION = bundle;
			};
			name = Release;
		};
/* End XCBuildConfiguration section */

/* Begin XCConfigurationList section */
		6DB27F7F16E61A3E00B898FC /* Build configuration list for PBXProject "LLUploader500px" */ = {
			isa = XCConfigurationList;
			buildConfigurations = (
				6DB27F9416E61A3E00B898FC /* Debug */,
				6DB27F9516E61A3E00B898FC /* Release */,
			);
			defaultConfigurationIsVisible = 0;
			defaultConfigurationName = Release;
		};
		6DB27F9616E61A3E00B898FC /* Build configuration list for PBXNativeTarget "LLUploader500px" */ = {
			isa = XCConfigurationList;
			buildConfigurations = (
				6DB27F9716E61A3E00B898FC /* Debug */,
				6DB27F9816E61A3E00B898FC /* Release */,
			);
			defaultConfigurationIsVisible = 0;
		};
/* End XCConfigurationList section */
	};
	rootObject = 6DB27F7C16E61A3E00B898FC /* Project object */;
}
